
Microsoft Visual Studio Solution File, Format Version 12.00
# Visual Studio Version 16
VisualStudioVersion = 16.0.30717.126
MinimumVisualStudioVersion = 10.0.40219.1
Project("{FAE04EC0-301F-11D3-BF4B-00C04F79EFBC}") = "ArduinoStore", "ArduinoStore\ArduinoStore.csproj", "{B08E8551-771A-477F-98F7-DADCD1249AF9}"
EndProject
Global
	GlobalSection(SolutionConfigurationPlatforms) = preSolution
		Debug|Any CPU = Debug|Any CPU
		Release|Any CPU = Release|Any CPU
	EndGlobalSection
	GlobalSection(ProjectConfigurationPlatforms) = postSolution
		{B08E8551-771A-477F-98F7-DADCD1249AF9}.Debug|Any CPU.ActiveCfg = Debug|Any CPU
		{B08E8551-771A-477F-98F7-DADCD1249AF9}.Debug|Any CPU.Build.0 = Debug|Any CPU
		{B08E8551-771A-477F-98F7-DADCD1249AF9}.Release|Any CPU.ActiveCfg = Release|Any CPU
		{B08E8551-771A-477F-98F7-DADCD1249AF9}.Release|Any CPU.Build.0 = Release|Any CPU
	EndGlobalSection
	GlobalSection(SolutionProperties) = preSolution
		HideSolutionNode = FALSE
	EndGlobalSection
	GlobalSection(ExtensibilityGlobals) = postSolution
		SolutionGuid = {4C7B7A9D-9B66-4968-A5EB-192911200B92}
	EndGlobalSection
EndGlobal
